// !$*UTF8*$!
{
	archiveVersion = 1;
	classes = {
	};
	objectVersion = 46;
	objects = {

/* Begin PBXBuildFile section */
		EF18E15D1A96C43C00C598F4 /* AppDelegate.swift in Sources */ = {isa = PBXBuildFile; fileRef = EF18E15C1A96C43C00C598F4 /* AppDelegate.swift */; };
		EF18E1621A96C43C00C598F4 /* Main.storyboard in Resources */ = {isa = PBXBuildFile; fileRef = EF18E1601A96C43C00C598F4 /* Main.storyboard */; };
		EF18E1641A96C43C00C598F4 /* Images.xcassets in Resources */ = {isa = PBXBuildFile; fileRef = EF18E1631A96C43C00C598F4 /* Images.xcassets */; };
		EF18E1671A96C43C00C598F4 /* LaunchScreen.xib in Resources */ = {isa = PBXBuildFile; fileRef = EF18E1651A96C43C00C598F4 /* LaunchScreen.xib */; };
		EF18E1731A96C43C00C598F4 /* Ocean_CandyTests.swift in Sources */ = {isa = PBXBuildFile; fileRef = EF18E1721A96C43C00C598F4 /* Ocean_CandyTests.swift */; };
		EF18E17D1A96C6CE00C598F4 /* iAd.framework in Frameworks */ = {isa = PBXBuildFile; fileRef = EF18E17C1A96C6CE00C598F4 /* iAd.framework */; };
		EF18E17F1A96CBEF00C598F4 /* StatesViewController.swift in Sources */ = {isa = PBXBuildFile; fileRef = EF18E17E1A96CBEF00C598F4 /* StatesViewController.swift */; };
		EF18E1811A96CC4A00C598F4 /* StationsViewController.swift in Sources */ = {isa = PBXBuildFile; fileRef = EF18E1801A96CC4A00C598F4 /* StationsViewController.swift */; };
		EF18E1831A96CC7600C598F4 /* StateViewController.swift in Sources */ = {isa = PBXBuildFile; fileRef = EF18E1821A96CC7600C598F4 /* StateViewController.swift */; };
		EF18E1891A96D9B600C598F4 /* StationOverview.swift in Sources */ = {isa = PBXBuildFile; fileRef = EF18E1881A96D9B600C598F4 /* StationOverview.swift */; };
		EF18E18B1A96D9EA00C598F4 /* State.swift in Sources */ = {isa = PBXBuildFile; fileRef = EF18E18A1A96D9EA00C598F4 /* State.swift */; };
/* End PBXBuildFile section */

/* Begin PBXContainerItemProxy section */
		EF18E16D1A96C43C00C598F4 /* PBXContainerItemProxy */ = {
			isa = PBXContainerItemProxy;
			containerPortal = EF18E14F1A96C43C00C598F4 /* Project object */;
			proxyType = 1;
			remoteGlobalIDString = EF18E1561A96C43C00C598F4;
			remoteInfo = "Ocean Candy";
		};
/* End PBXContainerItemProxy section */

/* Begin PBXFileReference section */
		EF18E1571A96C43C00C598F4 /* Ocean Candy.app */ = {isa = PBXFileReference; explicitFileType = wrapper.application; includeInIndex = 0; path = "Ocean Candy.app"; sourceTree = BUILT_PRODUCTS_DIR; };
		EF18E15B1A96C43C00C598F4 /* Info.plist */ = {isa = PBXFileReference; lastKnownFileType = text.plist.xml; path = Info.plist; sourceTree = "<group>"; };
		EF18E15C1A96C43C00C598F4 /* AppDelegate.swift */ = {isa = PBXFileReference; lastKnownFileType = sourcecode.swift; path = AppDelegate.swift; sourceTree = "<group>"; };
		EF18E1611A96C43C00C598F4 /* Base */ = {isa = PBXFileReference; lastKnownFileType = file.storyboard; name = Base; path = Base.lproj/Main.storyboard; sourceTree = "<group>"; };
		EF18E1631A96C43C00C598F4 /* Images.xcassets */ = {isa = PBXFileReference; lastKnownFileType = folder.assetcatalog; path = Images.xcassets; sourceTree = "<group>"; };
		EF18E1661A96C43C00C598F4 /* Base */ = {isa = PBXFileReference; lastKnownFileType = file.xib; name = Base; path = Base.lproj/LaunchScreen.xib; sourceTree = "<group>"; };
		EF18E16C1A96C43C00C598F4 /* Ocean CandyTests.xctest */ = {isa = PBXFileReference; explicitFileType = wrapper.cfbundle; includeInIndex = 0; path = "Ocean CandyTests.xctest"; sourceTree = BUILT_PRODUCTS_DIR; };
		EF18E1711A96C43C00C598F4 /* Info.plist */ = {isa = PBXFileReference; lastKnownFileType = text.plist.xml; path = Info.plist; sourceTree = "<group>"; };
		EF18E1721A96C43C00C598F4 /* Ocean_CandyTests.swift */ = {isa = PBXFileReference; lastKnownFileType = sourcecode.swift; path = Ocean_CandyTests.swift; sourceTree = "<group>"; };
		EF18E17C1A96C6CE00C598F4 /* iAd.framework */ = {isa = PBXFileReference; lastKnownFileType = wrapper.framework; name = iAd.framework; path = System/Library/Frameworks/iAd.framework; sourceTree = SDKROOT; };
		EF18E17E1A96CBEF00C598F4 /* StatesViewController.swift */ = {isa = PBXFileReference; fileEncoding = 4; lastKnownFileType = sourcecode.swift; path = StatesViewController.swift; sourceTree = "<group>"; };
		EF18E1801A96CC4A00C598F4 /* StationsViewController.swift */ = {isa = PBXFileReference; fileEncoding = 4; lastKnownFileType = sourcecode.swift; path = StationsViewController.swift; sourceTree = "<group>"; };
		EF18E1821A96CC7600C598F4 /* StateViewController.swift */ = {isa = PBXFileReference; fileEncoding = 4; lastKnownFileType = sourcecode.swift; path = StateViewController.swift; sourceTree = "<group>"; };
		EF18E1881A96D9B600C598F4 /* StationOverview.swift */ = {isa = PBXFileReference; fileEncoding = 4; lastKnownFileType = sourcecode.swift; path = StationOverview.swift; sourceTree = "<group>"; };
		EF18E18A1A96D9EA00C598F4 /* State.swift */ = {isa = PBXFileReference; fileEncoding = 4; lastKnownFileType = sourcecode.swift; path = State.swift; sourceTree = "<group>"; };
/* End PBXFileReference section */

/* Begin PBXFrameworksBuildPhase section */
		EF18E1541A96C43C00C598F4 /* Frameworks */ = {
			isa = PBXFrameworksBuildPhase;
			buildActionMask = 2147483647;
			files = (
				EF18E17D1A96C6CE00C598F4 /* iAd.framework in Frameworks */,
			);
			runOnlyForDeploymentPostprocessing = 0;
		};
		EF18E1691A96C43C00C598F4 /* Frameworks */ = {
			isa = PBXFrameworksBuildPhase;
			buildActionMask = 2147483647;
			files = (
			);
			runOnlyForDeploymentPostprocessing = 0;
		};
/* End PBXFrameworksBuildPhase section */

/* Begin PBXGroup section */
		EF18E14E1A96C43C00C598F4 = {
			isa = PBXGroup;
			children = (
				EF18E1591A96C43C00C598F4 /* Ocean Candy */,
				EF18E16F1A96C43C00C598F4 /* Ocean CandyTests */,
				EF18E1581A96C43C00C598F4 /* Products */,
			);
			sourceTree = "<group>";
		};
		EF18E1581A96C43C00C598F4 /* Products */ = {
			isa = PBXGroup;
			children = (
				EF18E1571A96C43C00C598F4 /* Ocean Candy.app */,
				EF18E16C1A96C43C00C598F4 /* Ocean CandyTests.xctest */,
			);
			name = Products;
			sourceTree = "<group>";
		};
		EF18E1591A96C43C00C598F4 /* Ocean Candy */ = {
			isa = PBXGroup;
			children = (
				EF18E1871A96D59900C598F4 /* Service */,
				EF18E1861A96D58500C598F4 /* Stores */,
				EF18E1851A96D57500C598F4 /* Models */,
				EF18E1841A96CE4300C598F4 /* ViewControllers */,
				EF18E15C1A96C43C00C598F4 /* AppDelegate.swift */,
				EF18E1601A96C43C00C598F4 /* Main.storyboard */,
				EF18E1631A96C43C00C598F4 /* Images.xcassets */,
				EF18E1651A96C43C00C598F4 /* LaunchScreen.xib */,
				EF18E17C1A96C6CE00C598F4 /* iAd.framework */,
				EF18E15A1A96C43C00C598F4 /* Supporting Files */,
			);
			path = "Ocean Candy";
			sourceTree = "<group>";
		};
		EF18E15A1A96C43C00C598F4 /* Supporting Files */ = {
			isa = PBXGroup;
			children = (
				EF18E15B1A96C43C00C598F4 /* Info.plist */,
			);
			name = "Supporting Files";
			sourceTree = "<group>";
		};
		EF18E16F1A96C43C00C598F4 /* Ocean CandyTests */ = {
			isa = PBXGroup;
			children = (
				EF18E1721A96C43C00C598F4 /* Ocean_CandyTests.swift */,
				EF18E1701A96C43C00C598F4 /* Supporting Files */,
			);
			path = "Ocean CandyTests";
			sourceTree = "<group>";
		};
		EF18E1701A96C43C00C598F4 /* Supporting Files */ = {
			isa = PBXGroup;
			children = (
				EF18E1711A96C43C00C598F4 /* Info.plist */,
			);
			name = "Supporting Files";
			sourceTree = "<group>";
		};
		EF18E1841A96CE4300C598F4 /* ViewControllers */ = {
			isa = PBXGroup;
			children = (
				EF18E17E1A96CBEF00C598F4 /* StatesViewController.swift */,
				EF18E1821A96CC7600C598F4 /* StateViewController.swift */,
				EF18E1801A96CC4A00C598F4 /* StationsViewController.swift */,
			);
			name = ViewControllers;
			sourceTree = "<group>";
		};
		EF18E1851A96D57500C598F4 /* Models */ = {
			isa = PBXGroup;
			children = (
				EF18E1881A96D9B600C598F4 /* StationOverview.swift */,
				EF18E18A1A96D9EA00C598F4 /* State.swift */,
			);
			name = Models;
			sourceTree = "<group>";
		};
		EF18E1861A96D58500C598F4 /* Stores */ = {
			isa = PBXGroup;
			children = (
			);
			name = Stores;
			sourceTree = "<group>";
		};
		EF18E1871A96D59900C598F4 /* Service */ = {
			isa = PBXGroup;
			children = (
			);
			name = Service;
			sourceTree = "<group>";
		};
/* End PBXGroup section */

/* Begin PBXNativeTarget section */
		EF18E1561A96C43C00C598F4 /* Ocean Candy */ = {
			isa = PBXNativeTarget;
			buildConfigurationList = EF18E1761A96C43C00C598F4 /* Build configuration list for PBXNativeTarget "Ocean Candy" */;
			buildPhases = (
				EF18E1531A96C43C00C598F4 /* Sources */,
				EF18E1541A96C43C00C598F4 /* Frameworks */,
				EF18E1551A96C43C00C598F4 /* Resources */,
			);
			buildRules = (
			);
			dependencies = (
			);
			name = "Ocean Candy";
			productName = "Ocean Candy";
			productReference = EF18E1571A96C43C00C598F4 /* Ocean Candy.app */;
			productType = "com.apple.product-type.application";
		};
		EF18E16B1A96C43C00C598F4 /* Ocean CandyTests */ = {
			isa = PBXNativeTarget;
			buildConfigurationList = EF18E1791A96C43C00C598F4 /* Build configuration list for PBXNativeTarget "Ocean CandyTests" */;
			buildPhases = (
				EF18E1681A96C43C00C598F4 /* Sources */,
				EF18E1691A96C43C00C598F4 /* Frameworks */,
				EF18E16A1A96C43C00C598F4 /* Resources */,
			);
			buildRules = (
			);
			dependencies = (
				EF18E16E1A96C43C00C598F4 /* PBXTargetDependency */,
			);
			name = "Ocean CandyTests";
			productName = "Ocean CandyTests";
			productReference = EF18E16C1A96C43C00C598F4 /* Ocean CandyTests.xctest */;
			productType = "com.apple.product-type.bundle.unit-test";
		};
/* End PBXNativeTarget section */

/* Begin PBXProject section */
		EF18E14F1A96C43C00C598F4 /* Project object */ = {
			isa = PBXProject;
			attributes = {
				LastUpgradeCheck = 0610;
				ORGANIZATIONNAME = ATEORAMS;
				TargetAttributes = {
					EF18E1561A96C43C00C598F4 = {
						CreatedOnToolsVersion = 6.1.1;
					};
					EF18E16B1A96C43C00C598F4 = {
						CreatedOnToolsVersion = 6.1.1;
						TestTargetID = EF18E1561A96C43C00C598F4;
					};
				};
			};
			buildConfigurationList = EF18E1521A96C43C00C598F4 /* Build configuration list for PBXProject "Ocean Candy" */;
			compatibilityVersion = "Xcode 3.2";
			developmentRegion = English;
			hasScannedForEncodings = 0;
			knownRegions = (
				en,
				Base,
			);
			mainGroup = EF18E14E1A96C43C00C598F4;
			productRefGroup = EF18E1581A96C43C00C598F4 /* Products */;
			projectDirPath = "";
			projectRoot = "";
			targets = (
				EF18E1561A96C43C00C598F4 /* Ocean Candy */,
				EF18E16B1A96C43C00C598F4 /* Ocean CandyTests */,
			);
		};
/* End PBXProject section */

/* Begin PBXResourcesBuildPhase section */
		EF18E1551A96C43C00C598F4 /* Resources */ = {
			isa = PBXResourcesBuildPhase;
			buildActionMask = 2147483647;
			files = (
				EF18E1621A96C43C00C598F4 /* Main.storyboard in Resources */,
				EF18E1671A96C43C00C598F4 /* LaunchScreen.xib in Resources */,
				EF18E1641A96C43C00C598F4 /* Images.xcassets in Resources */,
			);
			runOnlyForDeploymentPostprocessing = 0;
		};
		EF18E16A1A96C43C00C598F4 /* Resources */ = {
			isa = PBXResourcesBuildPhase;
			buildActionMask = 2147483647;
			files = (
			);
			runOnlyForDeploymentPostprocessing = 0;
		};
/* End PBXResourcesBuildPhase section */

/* Begin PBXSourcesBuildPhase section */
		EF18E1531A96C43C00C598F4 /* Sources */ = {
			isa = PBXSourcesBuildPhase;
			buildActionMask = 2147483647;
			files = (
				EF18E17F1A96CBEF00C598F4 /* StatesViewController.swift in Sources */,
				EF18E1891A96D9B600C598F4 /* StationOverview.swift in Sources */,
				EF18E15D1A96C43C00C598F4 /* AppDelegate.swift in Sources */,
				EF18E1811A96CC4A00C598F4 /* StationsViewController.swift in Sources */,
				EF18E1831A96CC7600C598F4 /* StateViewController.swift in Sources */,
				EF18E18B1A96D9EA00C598F4 /* State.swift in Sources */,
			);
			runOnlyForDeploymentPostprocessing = 0;
		};
		EF18E1681A96C43C00C598F4 /* Sources */ = {
			isa = PBXSourcesBuildPhase;
			buildActionMask = 2147483647;
			files = (
				EF18E1731A96C43C00C598F4 /* Ocean_CandyTests.swift in Sources */,
			);
			runOnlyForDeploymentPostprocessing = 0;
		};
/* End PBXSourcesBuildPhase section */

/* Begin PBXTargetDependency section */
		EF18E16E1A96C43C00C598F4 /* PBXTargetDependency */ = {
			isa = PBXTargetDependency;
			target = EF18E1561A96C43C00C598F4 /* Ocean Candy */;
			targetProxy = EF18E16D1A96C43C00C598F4 /* PBXContainerItemProxy */;
		};
/* End PBXTargetDependency section */

/* Begin PBXVariantGroup section */
		EF18E1601A96C43C00C598F4 /* Main.storyboard */ = {
			isa = PBXVariantGroup;
			children = (
				EF18E1611A96C43C00C598F4 /* Base */,
			);
			name = Main.storyboard;
			sourceTree = "<group>";
		};
		EF18E1651A96C43C00C598F4 /* LaunchScreen.xib */ = {
			isa = PBXVariantGroup;
			children = (
				EF18E1661A96C43C00C598F4 /* Base */,
			);
			name = LaunchScreen.xib;
			sourceTree = "<group>";
		};
/* End PBXVariantGroup section */

/* Begin XCBuildConfiguration section */
		EF18E1741A96C43C00C598F4 /* Debug */ = {
			isa = XCBuildConfiguration;
			buildSettings = {
				ALWAYS_SEARCH_USER_PATHS = NO;
				CLANG_CXX_LANGUAGE_STANDARD = "gnu++0x";
				CLANG_CXX_LIBRARY = "libc++";
				CLANG_ENABLE_MODULES = YES;
				CLANG_ENABLE_OBJC_ARC = YES;
				CLANG_WARN_BOOL_CONVERSION = YES;
				CLANG_WARN_CONSTANT_CONVERSION = YES;
				CLANG_WARN_DIRECT_OBJC_ISA_USAGE = YES_ERROR;
				CLANG_WARN_EMPTY_BODY = YES;
				CLANG_WARN_ENUM_CONVERSION = YES;
				CLANG_WARN_INT_CONVERSION = YES;
				CLANG_WARN_OBJC_ROOT_CLASS = YES_ERROR;
				CLANG_WARN_UNREACHABLE_CODE = YES;
				CLANG_WARN__DUPLICATE_METHOD_MATCH = YES;
				"CODE_SIGN_IDENTITY[sdk=iphoneos*]" = "iPhone Developer";
				COPY_PHASE_STRIP = NO;
				ENABLE_STRICT_OBJC_MSGSEND = YES;
				GCC_C_LANGUAGE_STANDARD = gnu99;
				GCC_DYNAMIC_NO_PIC = NO;
				GCC_OPTIMIZATION_LEVEL = 0;
				GCC_PREPROCESSOR_DEFINITIONS = (
					"DEBUG=1",
					"$(inherited)",
				);
				GCC_SYMBOLS_PRIVATE_EXTERN = NO;
				GCC_WARN_64_TO_32_BIT_CONVERSION = YES;
				GCC_WARN_ABOUT_RETURN_TYPE = YES_ERROR;
				GCC_WARN_UNDECLARED_SELECTOR = YES;
				GCC_WARN_UNINITIALIZED_AUTOS = YES_AGGRESSIVE;
				GCC_WARN_UNUSED_FUNCTION = YES;
				GCC_WARN_UNUSED_VARIABLE = YES;
				IPHONEOS_DEPLOYMENT_TARGET = 8.1;
				MTL_ENABLE_DEBUG_INFO = YES;
				ONLY_ACTIVE_ARCH = YES;
				SDKROOT = iphoneos;
				SWIFT_OPTIMIZATION_LEVEL = "-Onone";
			};
			name = Debug;
		};
		EF18E1751A96C43C00C598F4 /* Release */ = {
			isa = XCBuildConfiguration;
			buildSettings = {
				ALWAYS_SEARCH_USER_PATHS = NO;
				CLANG_CXX_LANGUAGE_STANDARD = "gnu++0x";
				CLANG_CXX_LIBRARY = "libc++";
				CLANG_ENABLE_MODULES = YES;
				CLANG_ENABLE_OBJC_ARC = YES;
				CLANG_WARN_BOOL_CONVERSION = YES;
				CLANG_WARN_CONSTANT_CONVERSION = YES;
				CLANG_WARN_DIRECT_OBJC_ISA_USAGE = YES_ERROR;
				CLANG_WARN_EMPTY_BODY = YES;
				CLANG_WARN_ENUM_CONVERSION = YES;
				CLANG_WARN_INT_CONVERSION = YES;
				CLANG_WARN_OBJC_ROOT_CLASS = YES_ERROR;
				CLANG_WARN_UNREACHABLE_CODE = YES;
				CLANG_WARN__DUPLICATE_METHOD_MATCH = YES;
				"CODE_SIGN_IDENTITY[sdk=iphoneos*]" = "iPhone Developer";
				COPY_PHASE_STRIP = YES;
				ENABLE_NS_ASSERTIONS = NO;
				ENABLE_STRICT_OBJC_MSGSEND = YES;
				GCC_C_LANGUAGE_STANDARD = gnu99;
				GCC_WARN_64_TO_32_BIT_CONVERSION = YES;
				GCC_WARN_ABOUT_RETURN_TYPE = YES_ERROR;
				GCC_WARN_UNDECLARED_SELECTOR = YES;
				GCC_WARN_UNINITIALIZED_AUTOS = YES_AGGRESSIVE;
				GCC_WARN_UNUSED_FUNCTION = YES;
				GCC_WARN_UNUSED_VARIABLE = YES;
				IPHONEOS_DEPLOYMENT_TARGET = 8.1;
				MTL_ENABLE_DEBUG_INFO = NO;
				SDKROOT = iphoneos;
				VALIDATE_PRODUCT = YES;
			};
			name = Release;
		};
		EF18E1771A96C43C00C598F4 /* Debug */ = {
			isa = XCBuildConfiguration;
			buildSettings = {
				ASSETCATALOG_COMPILER_APPICON_NAME = AppIcon;
				INFOPLIST_FILE = "Ocean Candy/Info.plist";
				LD_RUNPATH_SEARCH_PATHS = "$(inherited) @executable_path/Frameworks";
				PRODUCT_NAME = "$(TARGET_NAME)";
			};
			name = Debug;
		};
		EF18E1781A96C43C00C598F4 /* Release */ = {
			isa = XCBuildConfiguration;
			buildSettings = {
				ASSETCATALOG_COMPILER_APPICON_NAME = AppIcon;
				INFOPLIST_FILE = "Ocean Candy/Info.plist";
				LD_RUNPATH_SEARCH_PATHS = "$(inherited) @executable_path/Frameworks";
				PRODUCT_NAME = "$(TARGET_NAME)";
			};
			name = Release;
		};
		EF18E17A1A96C43C00C598F4 /* Debug */ = {
			isa = XCBuildConfiguration;
			buildSettings = {
				BUNDLE_LOADER = "$(TEST_HOST)";
				FRAMEWORK_SEARCH_PATHS = (
					"$(SDKROOT)/Developer/Library/Frameworks",
					"$(inherited)",
				);
				GCC_PREPROCESSOR_DEFINITIONS = (
					"DEBUG=1",
					"$(inherited)",
				);
				INFOPLIST_FILE = "Ocean CandyTests/Info.plist";
				LD_RUNPATH_SEARCH_PATHS = "$(inherited) @executable_path/Frameworks @loader_path/Frameworks";
				PRODUCT_NAME = "$(TARGET_NAME)";
				TEST_HOST = "$(BUILT_PRODUCTS_DIR)/Ocean Candy.app/Ocean Candy";
			};
			name = Debug;
		};
		EF18E17B1A96C43C00C598F4 /* Release */ = {
			isa = XCBuildConfiguration;
			buildSettings = {
				BUNDLE_LOADER = "$(TEST_HOST)";
				FRAMEWORK_SEARCH_PATHS = (
					"$(SDKROOT)/Developer/Library/Frameworks",
					"$(inherited)",
				);
				INFOPLIST_FILE = "Ocean CandyTests/Info.plist";
				LD_RUNPATH_SEARCH_PATHS = "$(inherited) @executable_path/Frameworks @loader_path/Frameworks";
				PRODUCT_NAME = "$(TARGET_NAME)";
				TEST_HOST = "$(BUILT_PRODUCTS_DIR)/Ocean Candy.app/Ocean Candy";
			};
			name = Release;
		};
/* End XCBuildConfiguration section */

/* Begin XCConfigurationList section */
		EF18E1521A96C43C00C598F4 /* Build configuration list for PBXProject "Ocean Candy" */ = {
			isa = XCConfigurationList;
			buildConfigurations = (
				EF18E1741A96C43C00C598F4 /* Debug */,
				EF18E1751A96C43C00C598F4 /* Release */,
			);
			defaultConfigurationIsVisible = 0;
			defaultConfigurationName = Release;
		};
		EF18E1761A96C43C00C598F4 /* Build configuration list for PBXNativeTarget "Ocean Candy" */ = {
			isa = XCConfigurationList;
			buildConfigurations = (
				EF18E1771A96C43C00C598F4 /* Debug */,
				EF18E1781A96C43C00C598F4 /* Release */,
			);
			defaultConfigurationIsVisible = 0;
		};
		EF18E1791A96C43C00C598F4 /* Build configuration list for PBXNativeTarget "Ocean CandyTests" */ = {
			isa = XCConfigurationList;
			buildConfigurations = (
				EF18E17A1A96C43C00C598F4 /* Debug */,
				EF18E17B1A96C43C00C598F4 /* Release */,
			);
			defaultConfigurationIsVisible = 0;
		};
/* End XCConfigurationList section */
	};
	rootObject = EF18E14F1A96C43C00C598F4 /* Project object */;
}
